// !$*UTF8*$!
{
	archiveVersion = 1;
	classes = {
	};
	objectVersion = 55;
	objects = {

/* Begin PBXBuildFile section */
		4317BE59285A4D3400C8904A /* AppDelegate.m in Sources */ = {isa = PBXBuildFile; fileRef = 4317BE58285A4D3400C8904A /* AppDelegate.m */; };
		4317BE5C285A4D3400C8904A /* SceneDelegate.m in Sources */ = {isa = PBXBuildFile; fileRef = 4317BE5B285A4D3400C8904A /* SceneDelegate.m */; };
		4317BE62285A4D3400C8904A /* Main.storyboard in Resources */ = {isa = PBXBuildFile; fileRef = 4317BE60285A4D3400C8904A /* Main.storyboard */; };
		4317BE64285A4D3500C8904A /* Assets.xcassets in Resources */ = {isa = PBXBuildFile; fileRef = 4317BE63285A4D3500C8904A /* Assets.xcassets */; };
		4317BE67285A4D3500C8904A /* LaunchScreen.storyboard in Resources */ = {isa = PBXBuildFile; fileRef = 4317BE65285A4D3500C8904A /* LaunchScreen.storyboard */; };
		4317BE6A285A4D3500C8904A /* main.m in Sources */ = {isa = PBXBuildFile; fileRef = 4317BE69285A4D3500C8904A /* main.m */; };
		4317BE74285A4D3600C8904A /* FlixterTests.m in Sources */ = {isa = PBXBuildFile; fileRef = 4317BE73285A4D3600C8904A /* FlixterTests.m */; };
		4317BE7E285A4D3600C8904A /* FlixterUITests.m in Sources */ = {isa = PBXBuildFile; fileRef = 4317BE7D285A4D3600C8904A /* FlixterUITests.m */; };
		4317BE80285A4D3600C8904A /* FlixterUITestsLaunchTests.m in Sources */ = {isa = PBXBuildFile; fileRef = 4317BE7F285A4D3600C8904A /* FlixterUITestsLaunchTests.m */; };
		4317BE8E285A835400C8904A /* MovieViewController.m in Sources */ = {isa = PBXBuildFile; fileRef = 4317BE8D285A835400C8904A /* MovieViewController.m */; };
		431E6553285D18550028FA68 /* MovieTableViewCell.m in Sources */ = {isa = PBXBuildFile; fileRef = 431E6552285D18550028FA68 /* MovieTableViewCell.m */; };
		431E6556285D28630028FA68 /* MovieCell.m in Sources */ = {isa = PBXBuildFile; fileRef = 431E6555285D28630028FA68 /* MovieCell.m */; };
		431E6559285D40AC0028FA68 /* DetailsViewController.m in Sources */ = {isa = PBXBuildFile; fileRef = 431E6558285D40AC0028FA68 /* DetailsViewController.m */; };
		431E6561285FAF350028FA68 /* GridViewController.m in Sources */ = {isa = PBXBuildFile; fileRef = 431E6560285FAF350028FA68 /* GridViewController.m */; };
		431E6564285FAF8F0028FA68 /* GridCell.m in Sources */ = {isa = PBXBuildFile; fileRef = 431E6563285FAF8F0028FA68 /* GridCell.m */; };
		96CB2308BE2A342836D202D0 /* Pods_Flixter.framework in Frameworks */ = {isa = PBXBuildFile; fileRef = 6BCB4778BB118EA349396832 /* Pods_Flixter.framework */; };
		CAE71538A254B3EE4763E4AE /* Pods_FlixterTests.framework in Frameworks */ = {isa = PBXBuildFile; fileRef = D0C87DB0163193C47A6F0C8B /* Pods_FlixterTests.framework */; };
		D7301201D28CBA6CCDCB29CF /* Pods_Flixter_FlixterUITests.framework in Frameworks */ = {isa = PBXBuildFile; fileRef = E7F474CB2003B0005DFDAE65 /* Pods_Flixter_FlixterUITests.framework */; };
/* End PBXBuildFile section */

/* Begin PBXContainerItemProxy section */
		4317BE70285A4D3600C8904A /* PBXContainerItemProxy */ = {
			isa = PBXContainerItemProxy;
			containerPortal = 4317BE4C285A4D3400C8904A /* Project object */;
			proxyType = 1;
			remoteGlobalIDString = 4317BE53285A4D3400C8904A;
			remoteInfo = Flixter;
		};
		4317BE7A285A4D3600C8904A /* PBXContainerItemProxy */ = {
			isa = PBXContainerItemProxy;
			containerPortal = 4317BE4C285A4D3400C8904A /* Project object */;
			proxyType = 1;
			remoteGlobalIDString = 4317BE53285A4D3400C8904A;
			remoteInfo = Flixter;
		};
/* End PBXContainerItemProxy section */

/* Begin PBXFileReference section */
		06F90AE70DED504C29376FB6 /* Pods-Flixter-FlixterUITests.release.xcconfig */ = {isa = PBXFileReference; includeInIndex = 1; lastKnownFileType = text.xcconfig; name = "Pods-Flixter-FlixterUITests.release.xcconfig"; path = "Target Support Files/Pods-Flixter-FlixterUITests/Pods-Flixter-FlixterUITests.release.xcconfig"; sourceTree = "<group>"; };
		4317BE54285A4D3400C8904A /* Flixter.app */ = {isa = PBXFileReference; explicitFileType = wrapper.application; includeInIndex = 0; path = Flixter.app; sourceTree = BUILT_PRODUCTS_DIR; };
		4317BE57285A4D3400C8904A /* AppDelegate.h */ = {isa = PBXFileReference; lastKnownFileType = sourcecode.c.h; path = AppDelegate.h; sourceTree = "<group>"; };
		4317BE58285A4D3400C8904A /* AppDelegate.m */ = {isa = PBXFileReference; lastKnownFileType = sourcecode.c.objc; path = AppDelegate.m; sourceTree = "<group>"; };
		4317BE5A285A4D3400C8904A /* SceneDelegate.h */ = {isa = PBXFileReference; lastKnownFileType = sourcecode.c.h; path = SceneDelegate.h; sourceTree = "<group>"; };
		4317BE5B285A4D3400C8904A /* SceneDelegate.m */ = {isa = PBXFileReference; lastKnownFileType = sourcecode.c.objc; path = SceneDelegate.m; sourceTree = "<group>"; };
		4317BE61285A4D3400C8904A /* Base */ = {isa = PBXFileReference; lastKnownFileType = file.storyboard; name = Base; path = Base.lproj/Main.storyboard; sourceTree = "<group>"; };
		4317BE63285A4D3500C8904A /* Assets.xcassets */ = {isa = PBXFileReference; lastKnownFileType = folder.assetcatalog; path = Assets.xcassets; sourceTree = "<group>"; };
		4317BE66285A4D3500C8904A /* Base */ = {isa = PBXFileReference; lastKnownFileType = file.storyboard; name = Base; path = Base.lproj/LaunchScreen.storyboard; sourceTree = "<group>"; };
		4317BE68285A4D3500C8904A /* Info.plist */ = {isa = PBXFileReference; lastKnownFileType = text.plist.xml; path = Info.plist; sourceTree = "<group>"; };
		4317BE69285A4D3500C8904A /* main.m */ = {isa = PBXFileReference; lastKnownFileType = sourcecode.c.objc; path = main.m; sourceTree = "<group>"; };
		4317BE6F285A4D3600C8904A /* FlixterTests.xctest */ = {isa = PBXFileReference; explicitFileType = wrapper.cfbundle; includeInIndex = 0; path = FlixterTests.xctest; sourceTree = BUILT_PRODUCTS_DIR; };
		4317BE73285A4D3600C8904A /* FlixterTests.m */ = {isa = PBXFileReference; lastKnownFileType = sourcecode.c.objc; path = FlixterTests.m; sourceTree = "<group>"; };
		4317BE79285A4D3600C8904A /* FlixterUITests.xctest */ = {isa = PBXFileReference; explicitFileType = wrapper.cfbundle; includeInIndex = 0; path = FlixterUITests.xctest; sourceTree = BUILT_PRODUCTS_DIR; };
		4317BE7D285A4D3600C8904A /* FlixterUITests.m */ = {isa = PBXFileReference; lastKnownFileType = sourcecode.c.objc; path = FlixterUITests.m; sourceTree = "<group>"; };
		4317BE7F285A4D3600C8904A /* FlixterUITestsLaunchTests.m */ = {isa = PBXFileReference; lastKnownFileType = sourcecode.c.objc; path = FlixterUITestsLaunchTests.m; sourceTree = "<group>"; };
		4317BE8C285A835400C8904A /* MovieViewController.h */ = {isa = PBXFileReference; lastKnownFileType = sourcecode.c.h; path = MovieViewController.h; sourceTree = "<group>"; };
		4317BE8D285A835400C8904A /* MovieViewController.m */ = {isa = PBXFileReference; lastKnownFileType = sourcecode.c.objc; path = MovieViewController.m; sourceTree = "<group>"; };
		431E6551285D18550028FA68 /* MovieTableViewCell.h */ = {isa = PBXFileReference; lastKnownFileType = sourcecode.c.h; path = MovieTableViewCell.h; sourceTree = "<group>"; };
		431E6552285D18550028FA68 /* MovieTableViewCell.m */ = {isa = PBXFileReference; lastKnownFileType = sourcecode.c.objc; path = MovieTableViewCell.m; sourceTree = "<group>"; };
		431E6554285D28630028FA68 /* MovieCell.h */ = {isa = PBXFileReference; lastKnownFileType = sourcecode.c.h; path = MovieCell.h; sourceTree = "<group>"; };
		431E6555285D28630028FA68 /* MovieCell.m */ = {isa = PBXFileReference; lastKnownFileType = sourcecode.c.objc; path = MovieCell.m; sourceTree = "<group>"; };
		431E6557285D40AC0028FA68 /* DetailsViewController.h */ = {isa = PBXFileReference; lastKnownFileType = sourcecode.c.h; path = DetailsViewController.h; sourceTree = "<group>"; };
		431E6558285D40AC0028FA68 /* DetailsViewController.m */ = {isa = PBXFileReference; lastKnownFileType = sourcecode.c.objc; path = DetailsViewController.m; sourceTree = "<group>"; };
		431E655F285FAF350028FA68 /* GridViewController.h */ = {isa = PBXFileReference; lastKnownFileType = sourcecode.c.h; path = GridViewController.h; sourceTree = "<group>"; };
		431E6560285FAF350028FA68 /* GridViewController.m */ = {isa = PBXFileReference; lastKnownFileType = sourcecode.c.objc; path = GridViewController.m; sourceTree = "<group>"; };
		431E6562285FAF8F0028FA68 /* GridCell.h */ = {isa = PBXFileReference; lastKnownFileType = sourcecode.c.h; path = GridCell.h; sourceTree = "<group>"; };
		431E6563285FAF8F0028FA68 /* GridCell.m */ = {isa = PBXFileReference; lastKnownFileType = sourcecode.c.objc; path = GridCell.m; sourceTree = "<group>"; };
		4FC8AA9D2734050283D6C4E6 /* Pods-FlixterTests.debug.xcconfig */ = {isa = PBXFileReference; includeInIndex = 1; lastKnownFileType = text.xcconfig; name = "Pods-FlixterTests.debug.xcconfig"; path = "Target Support Files/Pods-FlixterTests/Pods-FlixterTests.debug.xcconfig"; sourceTree = "<group>"; };
		58CC09A530E1FAD19DDFC1CE /* Pods-Flixter.debug.xcconfig */ = {isa = PBXFileReference; includeInIndex = 1; lastKnownFileType = text.xcconfig; name = "Pods-Flixter.debug.xcconfig"; path = "Target Support Files/Pods-Flixter/Pods-Flixter.debug.xcconfig"; sourceTree = "<group>"; };
		6BCB4778BB118EA349396832 /* Pods_Flixter.framework */ = {isa = PBXFileReference; explicitFileType = wrapper.framework; includeInIndex = 0; path = Pods_Flixter.framework; sourceTree = BUILT_PRODUCTS_DIR; };
		7E32770E51517FE0B576A32D /* Pods-Flixter.release.xcconfig */ = {isa = PBXFileReference; includeInIndex = 1; lastKnownFileType = text.xcconfig; name = "Pods-Flixter.release.xcconfig"; path = "Target Support Files/Pods-Flixter/Pods-Flixter.release.xcconfig"; sourceTree = "<group>"; };
		B19B0DC41847505118723F7F /* Pods-FlixterTests.release.xcconfig */ = {isa = PBXFileReference; includeInIndex = 1; lastKnownFileType = text.xcconfig; name = "Pods-FlixterTests.release.xcconfig"; path = "Target Support Files/Pods-FlixterTests/Pods-FlixterTests.release.xcconfig"; sourceTree = "<group>"; };
		C70270EB8560BA67EDDB77A0 /* Pods-Flixter-FlixterUITests.debug.xcconfig */ = {isa = PBXFileReference; includeInIndex = 1; lastKnownFileType = text.xcconfig; name = "Pods-Flixter-FlixterUITests.debug.xcconfig"; path = "Target Support Files/Pods-Flixter-FlixterUITests/Pods-Flixter-FlixterUITests.debug.xcconfig"; sourceTree = "<group>"; };
		D0C87DB0163193C47A6F0C8B /* Pods_FlixterTests.framework */ = {isa = PBXFileReference; explicitFileType = wrapper.framework; includeInIndex = 0; path = Pods_FlixterTests.framework; sourceTree = BUILT_PRODUCTS_DIR; };
		E7F474CB2003B0005DFDAE65 /* Pods_Flixter_FlixterUITests.framework */ = {isa = PBXFileReference; explicitFileType = wrapper.framework; includeInIndex = 0; path = Pods_Flixter_FlixterUITests.framework; sourceTree = BUILT_PRODUCTS_DIR; };
/* End PBXFileReference section */

/* Begin PBXFrameworksBuildPhase section */
		4317BE51285A4D3400C8904A /* Frameworks */ = {
			isa = PBXFrameworksBuildPhase;
			buildActionMask = 2147483647;
			files = (
				96CB2308BE2A342836D202D0 /* Pods_Flixter.framework in Frameworks */,
			);
			runOnlyForDeploymentPostprocessing = 0;
		};
		4317BE6C285A4D3600C8904A /* Frameworks */ = {
			isa = PBXFrameworksBuildPhase;
			buildActionMask = 2147483647;
			files = (
				CAE71538A254B3EE4763E4AE /* Pods_FlixterTests.framework in Frameworks */,
			);
			runOnlyForDeploymentPostprocessing = 0;
		};
		4317BE76285A4D3600C8904A /* Frameworks */ = {
			isa = PBXFrameworksBuildPhase;
			buildActionMask = 2147483647;
			files = (
				D7301201D28CBA6CCDCB29CF /* Pods_Flixter_FlixterUITests.framework in Frameworks */,
			);
			runOnlyForDeploymentPostprocessing = 0;
		};
/* End PBXFrameworksBuildPhase section */

/* Begin PBXGroup section */
		4317BE4B285A4D3400C8904A = {
			isa = PBXGroup;
			children = (
				4317BE56285A4D3400C8904A /* Flixter */,
				4317BE72285A4D3600C8904A /* FlixterTests */,
				4317BE7C285A4D3600C8904A /* FlixterUITests */,
				4317BE55285A4D3400C8904A /* Products */,
				4F27B574206E118DD90E67FB /* Pods */,
				C2F6D18088574E1FAFE089AE /* Frameworks */,
			);
			sourceTree = "<group>";
		};
		4317BE55285A4D3400C8904A /* Products */ = {
			isa = PBXGroup;
			children = (
				4317BE54285A4D3400C8904A /* Flixter.app */,
				4317BE6F285A4D3600C8904A /* FlixterTests.xctest */,
				4317BE79285A4D3600C8904A /* FlixterUITests.xctest */,
			);
			name = Products;
			sourceTree = "<group>";
		};
		4317BE56285A4D3400C8904A /* Flixter */ = {
			isa = PBXGroup;
			children = (
				4317BE57285A4D3400C8904A /* AppDelegate.h */,
				4317BE58285A4D3400C8904A /* AppDelegate.m */,
				4317BE5A285A4D3400C8904A /* SceneDelegate.h */,
				4317BE5B285A4D3400C8904A /* SceneDelegate.m */,
				4317BE60285A4D3400C8904A /* Main.storyboard */,
				431E6557285D40AC0028FA68 /* DetailsViewController.h */,
				431E6558285D40AC0028FA68 /* DetailsViewController.m */,
				431E6551285D18550028FA68 /* MovieTableViewCell.h */,
				431E6552285D18550028FA68 /* MovieTableViewCell.m */,
				4317BE8C285A835400C8904A /* MovieViewController.h */,
				4317BE8D285A835400C8904A /* MovieViewController.m */,
				4317BE63285A4D3500C8904A /* Assets.xcassets */,
				4317BE65285A4D3500C8904A /* LaunchScreen.storyboard */,
				4317BE68285A4D3500C8904A /* Info.plist */,
				4317BE69285A4D3500C8904A /* main.m */,
				431E6554285D28630028FA68 /* MovieCell.h */,
				431E6555285D28630028FA68 /* MovieCell.m */,
				431E655F285FAF350028FA68 /* GridViewController.h */,
				431E6560285FAF350028FA68 /* GridViewController.m */,
				431E6562285FAF8F0028FA68 /* GridCell.h */,
				431E6563285FAF8F0028FA68 /* GridCell.m */,
			);
			path = Flixter;
			sourceTree = "<group>";
		};
		4317BE72285A4D3600C8904A /* FlixterTests */ = {
			isa = PBXGroup;
			children = (
				4317BE73285A4D3600C8904A /* FlixterTests.m */,
			);
			path = FlixterTests;
			sourceTree = "<group>";
		};
		4317BE7C285A4D3600C8904A /* FlixterUITests */ = {
			isa = PBXGroup;
			children = (
				4317BE7D285A4D3600C8904A /* FlixterUITests.m */,
				4317BE7F285A4D3600C8904A /* FlixterUITestsLaunchTests.m */,
			);
			path = FlixterUITests;
			sourceTree = "<group>";
		};
		4F27B574206E118DD90E67FB /* Pods */ = {
			isa = PBXGroup;
			children = (
				58CC09A530E1FAD19DDFC1CE /* Pods-Flixter.debug.xcconfig */,
				7E32770E51517FE0B576A32D /* Pods-Flixter.release.xcconfig */,
				C70270EB8560BA67EDDB77A0 /* Pods-Flixter-FlixterUITests.debug.xcconfig */,
				06F90AE70DED504C29376FB6 /* Pods-Flixter-FlixterUITests.release.xcconfig */,
				4FC8AA9D2734050283D6C4E6 /* Pods-FlixterTests.debug.xcconfig */,
				B19B0DC41847505118723F7F /* Pods-FlixterTests.release.xcconfig */,
			);
			path = Pods;
			sourceTree = "<group>";
		};
		C2F6D18088574E1FAFE089AE /* Frameworks */ = {
			isa = PBXGroup;
			children = (
				6BCB4778BB118EA349396832 /* Pods_Flixter.framework */,
				E7F474CB2003B0005DFDAE65 /* Pods_Flixter_FlixterUITests.framework */,
				D0C87DB0163193C47A6F0C8B /* Pods_FlixterTests.framework */,
			);
			name = Frameworks;
			sourceTree = "<group>";
		};
/* End PBXGroup section */

/* Begin PBXNativeTarget section */
		4317BE53285A4D3400C8904A /* Flixter */ = {
			isa = PBXNativeTarget;
			buildConfigurationList = 4317BE83285A4D3600C8904A /* Build configuration list for PBXNativeTarget "Flixter" */;
			buildPhases = (
				1D988A38FA07FCD9EC316195 /* [CP] Check Pods Manifest.lock */,
				4317BE50285A4D3400C8904A /* Sources */,
				4317BE51285A4D3400C8904A /* Frameworks */,
				4317BE52285A4D3400C8904A /* Resources */,
				189E682B8AF4CE1494E84297 /* [CP] Embed Pods Frameworks */,
			);
			buildRules = (
			);
			dependencies = (
			);
			name = Flixter;
			productName = Flixter;
			productReference = 4317BE54285A4D3400C8904A /* Flixter.app */;
			productType = "com.apple.product-type.application";
		};
		4317BE6E285A4D3600C8904A /* FlixterTests */ = {
			isa = PBXNativeTarget;
			buildConfigurationList = 4317BE86285A4D3600C8904A /* Build configuration list for PBXNativeTarget "FlixterTests" */;
			buildPhases = (
				A85DAB447F15BCF0A9DB6076 /* [CP] Check Pods Manifest.lock */,
				4317BE6B285A4D3600C8904A /* Sources */,
				4317BE6C285A4D3600C8904A /* Frameworks */,
				4317BE6D285A4D3600C8904A /* Resources */,
			);
			buildRules = (
			);
			dependencies = (
				4317BE71285A4D3600C8904A /* PBXTargetDependency */,
			);
			name = FlixterTests;
			productName = FlixterTests;
			productReference = 4317BE6F285A4D3600C8904A /* FlixterTests.xctest */;
			productType = "com.apple.product-type.bundle.unit-test";
		};
		4317BE78285A4D3600C8904A /* FlixterUITests */ = {
			isa = PBXNativeTarget;
			buildConfigurationList = 4317BE89285A4D3600C8904A /* Build configuration list for PBXNativeTarget "FlixterUITests" */;
			buildPhases = (
				5E40D1EA8783E75C7AC7CCC9 /* [CP] Check Pods Manifest.lock */,
				4317BE75285A4D3600C8904A /* Sources */,
				4317BE76285A4D3600C8904A /* Frameworks */,
				4317BE77285A4D3600C8904A /* Resources */,
				61A8A6804A08543C52BEE628 /* [CP] Embed Pods Frameworks */,
			);
			buildRules = (
			);
			dependencies = (
				4317BE7B285A4D3600C8904A /* PBXTargetDependency */,
			);
			name = FlixterUITests;
			productName = FlixterUITests;
			productReference = 4317BE79285A4D3600C8904A /* FlixterUITests.xctest */;
			productType = "com.apple.product-type.bundle.ui-testing";
		};
/* End PBXNativeTarget section */

/* Begin PBXProject section */
		4317BE4C285A4D3400C8904A /* Project object */ = {
			isa = PBXProject;
			attributes = {
				BuildIndependentTargetsInParallel = 1;
				LastUpgradeCheck = 1340;
				TargetAttributes = {
					4317BE53285A4D3400C8904A = {
						CreatedOnToolsVersion = 13.4;
					};
					4317BE6E285A4D3600C8904A = {
						CreatedOnToolsVersion = 13.4;
						TestTargetID = 4317BE53285A4D3400C8904A;
					};
					4317BE78285A4D3600C8904A = {
						CreatedOnToolsVersion = 13.4;
						TestTargetID = 4317BE53285A4D3400C8904A;
					};
				};
			};
			buildConfigurationList = 4317BE4F285A4D3400C8904A /* Build configuration list for PBXProject "Flixter" */;
			compatibilityVersion = "Xcode 13.0";
			developmentRegion = en;
			hasScannedForEncodings = 0;
			knownRegions = (
				en,
				Base,
			);
			mainGroup = 4317BE4B285A4D3400C8904A;
			productRefGroup = 4317BE55285A4D3400C8904A /* Products */;
			projectDirPath = "";
			projectRoot = "";
			targets = (
				4317BE53285A4D3400C8904A /* Flixter */,
				4317BE6E285A4D3600C8904A /* FlixterTests */,
				4317BE78285A4D3600C8904A /* FlixterUITests */,
			);
		};
/* End PBXProject section */

/* Begin PBXResourcesBuildPhase section */
		4317BE52285A4D3400C8904A /* Resources */ = {
			isa = PBXResourcesBuildPhase;
			buildActionMask = 2147483647;
			files = (
				4317BE67285A4D3500C8904A /* LaunchScreen.storyboard in Resources */,
				4317BE64285A4D3500C8904A /* Assets.xcassets in Resources */,
				4317BE62285A4D3400C8904A /* Main.storyboard in Resources */,
			);
			runOnlyForDeploymentPostprocessing = 0;
		};
		4317BE6D285A4D3600C8904A /* Resources */ = {
			isa = PBXResourcesBuildPhase;
			buildActionMask = 2147483647;
			files = (
			);
			runOnlyForDeploymentPostprocessing = 0;
		};
		4317BE77285A4D3600C8904A /* Resources */ = {
			isa = PBXResourcesBuildPhase;
			buildActionMask = 2147483647;
			files = (
			);
			runOnlyForDeploymentPostprocessing = 0;
		};
/* End PBXResourcesBuildPhase section */

/* Begin PBXShellScriptBuildPhase section */
		189E682B8AF4CE1494E84297 /* [CP] Embed Pods Frameworks */ = {
			isa = PBXShellScriptBuildPhase;
			buildActionMask = 2147483647;
			files = (
			);
			inputFileListPaths = (
				"${PODS_ROOT}/Target Support Files/Pods-Flixter/Pods-Flixter-frameworks-${CONFIGURATION}-input-files.xcfilelist",
			);
			name = "[CP] Embed Pods Frameworks";
			outputFileListPaths = (
				"${PODS_ROOT}/Target Support Files/Pods-Flixter/Pods-Flixter-frameworks-${CONFIGURATION}-output-files.xcfilelist",
			);
			runOnlyForDeploymentPostprocessing = 0;
			shellPath = /bin/sh;
			shellScript = "\"${PODS_ROOT}/Target Support Files/Pods-Flixter/Pods-Flixter-frameworks.sh\"\n";
			showEnvVarsInLog = 0;
		};
		1D988A38FA07FCD9EC316195 /* [CP] Check Pods Manifest.lock */ = {
			isa = PBXShellScriptBuildPhase;
			buildActionMask = 2147483647;
			files = (
			);
			inputFileListPaths = (
			);
			inputPaths = (
				"${PODS_PODFILE_DIR_PATH}/Podfile.lock",
				"${PODS_ROOT}/Manifest.lock",
			);
			name = "[CP] Check Pods Manifest.lock";
			outputFileListPaths = (
			);
			outputPaths = (
				"$(DERIVED_FILE_DIR)/Pods-Flixter-checkManifestLockResult.txt",
			);
			runOnlyForDeploymentPostprocessing = 0;
			shellPath = /bin/sh;
			shellScript = "diff \"${PODS_PODFILE_DIR_PATH}/Podfile.lock\" \"${PODS_ROOT}/Manifest.lock\" > /dev/null\nif [ $? != 0 ] ; then\n    # print error to STDERR\n    echo \"error: The sandbox is not in sync with the Podfile.lock. Run 'pod install' or update your CocoaPods installation.\" >&2\n    exit 1\nfi\n# This output is used by Xcode 'outputs' to avoid re-running this script phase.\necho \"SUCCESS\" > \"${SCRIPT_OUTPUT_FILE_0}\"\n";
			showEnvVarsInLog = 0;
		};
		5E40D1EA8783E75C7AC7CCC9 /* [CP] Check Pods Manifest.lock */ = {
			isa = PBXShellScriptBuildPhase;
			buildActionMask = 2147483647;
			files = (
			);
			inputFileListPaths = (
			);
			inputPaths = (
				"${PODS_PODFILE_DIR_PATH}/Podfile.lock",
				"${PODS_ROOT}/Manifest.lock",
			);
			name = "[CP] Check Pods Manifest.lock";
			outputFileListPaths = (
			);
			outputPaths = (
				"$(DERIVED_FILE_DIR)/Pods-Flixter-FlixterUITests-checkManifestLockResult.txt",
			);
			runOnlyForDeploymentPostprocessing = 0;
			shellPath = /bin/sh;
			shellScript = "diff \"${PODS_PODFILE_DIR_PATH}/Podfile.lock\" \"${PODS_ROOT}/Manifest.lock\" > /dev/null\nif [ $? != 0 ] ; then\n    # print error to STDERR\n    echo \"error: The sandbox is not in sync with the Podfile.lock. Run 'pod install' or update your CocoaPods installation.\" >&2\n    exit 1\nfi\n# This output is used by Xcode 'outputs' to avoid re-running this script phase.\necho \"SUCCESS\" > \"${SCRIPT_OUTPUT_FILE_0}\"\n";
			showEnvVarsInLog = 0;
		};
		61A8A6804A08543C52BEE628 /* [CP] Embed Pods Frameworks */ = {
			isa = PBXShellScriptBuildPhase;
			buildActionMask = 2147483647;
			files = (
			);
			inputFileListPaths = (
				"${PODS_ROOT}/Target Support Files/Pods-Flixter-FlixterUITests/Pods-Flixter-FlixterUITests-frameworks-${CONFIGURATION}-input-files.xcfilelist",
			);
			name = "[CP] Embed Pods Frameworks";
			outputFileListPaths = (
				"${PODS_ROOT}/Target Support Files/Pods-Flixter-FlixterUITests/Pods-Flixter-FlixterUITests-frameworks-${CONFIGURATION}-output-files.xcfilelist",
			);
			runOnlyForDeploymentPostprocessing = 0;
			shellPath = /bin/sh;
			shellScript = "\"${PODS_ROOT}/Target Support Files/Pods-Flixter-FlixterUITests/Pods-Flixter-FlixterUITests-frameworks.sh\"\n";
			showEnvVarsInLog = 0;
		};
		A85DAB447F15BCF0A9DB6076 /* [CP] Check Pods Manifest.lock */ = {
			isa = PBXShellScriptBuildPhase;
			buildActionMask = 2147483647;
			files = (
			);
			inputFileListPaths = (
			);
			inputPaths = (
				"${PODS_PODFILE_DIR_PATH}/Podfile.lock",
				"${PODS_ROOT}/Manifest.lock",
			);
			name = "[CP] Check Pods Manifest.lock";
			outputFileListPaths = (
			);
			outputPaths = (
				"$(DERIVED_FILE_DIR)/Pods-FlixterTests-checkManifestLockResult.txt",
			);
			runOnlyForDeploymentPostprocessing = 0;
			shellPath = /bin/sh;
			shellScript = "diff \"${PODS_PODFILE_DIR_PATH}/Podfile.lock\" \"${PODS_ROOT}/Manifest.lock\" > /dev/null\nif [ $? != 0 ] ; then\n    # print error to STDERR\n    echo \"error: The sandbox is not in sync with the Podfile.lock. Run 'pod install' or update your CocoaPods installation.\" >&2\n    exit 1\nfi\n# This output is used by Xcode 'outputs' to avoid re-running this script phase.\necho \"SUCCESS\" > \"${SCRIPT_OUTPUT_FILE_0}\"\n";
			showEnvVarsInLog = 0;
		};
/* End PBXShellScriptBuildPhase section */

/* Begin PBXSourcesBuildPhase section */
		4317BE50285A4D3400C8904A /* Sources */ = {
			isa = PBXSourcesBuildPhase;
			buildActionMask = 2147483647;
			files = (
				4317BE59285A4D3400C8904A /* AppDelegate.m in Sources */,
				4317BE6A285A4D3500C8904A /* main.m in Sources */,
				431E6556285D28630028FA68 /* MovieCell.m in Sources */,
				4317BE5C285A4D3400C8904A /* SceneDelegate.m in Sources */,
				431E6561285FAF350028FA68 /* GridViewController.m in Sources */,
				431E6559285D40AC0028FA68 /* DetailsViewController.m in Sources */,
				431E6553285D18550028FA68 /* MovieTableViewCell.m in Sources */,
				431E6564285FAF8F0028FA68 /* GridCell.m in Sources */,
				4317BE8E285A835400C8904A /* MovieViewController.m in Sources */,
			);
			runOnlyForDeploymentPostprocessing = 0;
		};
		4317BE6B285A4D3600C8904A /* Sources */ = {
			isa = PBXSourcesBuildPhase;
			buildActionMask = 2147483647;
			files = (
				4317BE74285A4D3600C8904A /* FlixterTests.m in Sources */,
			);
			runOnlyForDeploymentPostprocessing = 0;
		};
		4317BE75285A4D3600C8904A /* Sources */ = {
			isa = PBXSourcesBuildPhase;
			buildActionMask = 2147483647;
			files = (
				4317BE7E285A4D3600C8904A /* FlixterUITests.m in Sources */,
				4317BE80285A4D3600C8904A /* FlixterUITestsLaunchTests.m in Sources */,
			);
			runOnlyForDeploymentPostprocessing = 0;
		};
/* End PBXSourcesBuildPhase section */

/* Begin PBXTargetDependency section */
		4317BE71285A4D3600C8904A /* PBXTargetDependency */ = {
			isa = PBXTargetDependency;
			target = 4317BE53285A4D3400C8904A /* Flixter */;
			targetProxy = 4317BE70285A4D3600C8904A /* PBXContainerItemProxy */;
		};
		4317BE7B285A4D3600C8904A /* PBXTargetDependency */ = {
			isa = PBXTargetDependency;
			target = 4317BE53285A4D3400C8904A /* Flixter */;
			targetProxy = 4317BE7A285A4D3600C8904A /* PBXContainerItemProxy */;
		};
/* End PBXTargetDependency section */

/* Begin PBXVariantGroup section */
		4317BE60285A4D3400C8904A /* Main.storyboard */ = {
			isa = PBXVariantGroup;
			children = (
				4317BE61285A4D3400C8904A /* Base */,
			);
			name = Main.storyboard;
			sourceTree = "<group>";
		};
		4317BE65285A4D3500C8904A /* LaunchScreen.storyboard */ = {
			isa = PBXVariantGroup;
			children = (
				4317BE66285A4D3500C8904A /* Base */,
			);
			name = LaunchScreen.storyboard;
			sourceTree = "<group>";
		};
/* End PBXVariantGroup section */

/* Begin XCBuildConfiguration section */
		4317BE81285A4D3600C8904A /* Debug */ = {
			isa = XCBuildConfiguration;
			buildSettings = {
				ALWAYS_SEARCH_USER_PATHS = NO;
				CLANG_ANALYZER_NONNULL = YES;
				CLANG_ANALYZER_NUMBER_OBJECT_CONVERSION = YES_AGGRESSIVE;
				CLANG_CXX_LANGUAGE_STANDARD = "gnu++17";
				CLANG_ENABLE_MODULES = YES;
				CLANG_ENABLE_OBJC_ARC = YES;
				CLANG_ENABLE_OBJC_WEAK = YES;
				CLANG_WARN_BLOCK_CAPTURE_AUTORELEASING = YES;
				CLANG_WARN_BOOL_CONVERSION = YES;
				CLANG_WARN_COMMA = YES;
				CLANG_WARN_CONSTANT_CONVERSION = YES;
				CLANG_WARN_DEPRECATED_OBJC_IMPLEMENTATIONS = YES;
				CLANG_WARN_DIRECT_OBJC_ISA_USAGE = YES_ERROR;
				CLANG_WARN_DOCUMENTATION_COMMENTS = YES;
				CLANG_WARN_EMPTY_BODY = YES;
				CLANG_WARN_ENUM_CONVERSION = YES;
				CLANG_WARN_INFINITE_RECURSION = YES;
				CLANG_WARN_INT_CONVERSION = YES;
				CLANG_WARN_NON_LITERAL_NULL_CONVERSION = YES;
				CLANG_WARN_OBJC_IMPLICIT_RETAIN_SELF = YES;
				CLANG_WARN_OBJC_LITERAL_CONVERSION = YES;
				CLANG_WARN_OBJC_ROOT_CLASS = YES_ERROR;
				CLANG_WARN_QUOTED_INCLUDE_IN_FRAMEWORK_HEADER = YES;
				CLANG_WARN_RANGE_LOOP_ANALYSIS = YES;
				CLANG_WARN_STRICT_PROTOTYPES = YES;
				CLANG_WARN_SUSPICIOUS_MOVE = YES;
				CLANG_WARN_UNGUARDED_AVAILABILITY = YES_AGGRESSIVE;
				CLANG_WARN_UNREACHABLE_CODE = YES;
				CLANG_WARN__DUPLICATE_METHOD_MATCH = YES;
				COPY_PHASE_STRIP = NO;
				DEBUG_INFORMATION_FORMAT = dwarf;
				ENABLE_STRICT_OBJC_MSGSEND = YES;
				ENABLE_TESTABILITY = YES;
				GCC_C_LANGUAGE_STANDARD = gnu11;
				GCC_DYNAMIC_NO_PIC = NO;
				GCC_NO_COMMON_BLOCKS = YES;
				GCC_OPTIMIZATION_LEVEL = 0;
				GCC_PREPROCESSOR_DEFINITIONS = (
					"DEBUG=1",
					"$(inherited)",
				);
				GCC_WARN_64_TO_32_BIT_CONVERSION = YES;
				GCC_WARN_ABOUT_RETURN_TYPE = YES_ERROR;
				GCC_WARN_UNDECLARED_SELECTOR = YES;
				GCC_WARN_UNINITIALIZED_AUTOS = YES_AGGRESSIVE;
				GCC_WARN_UNUSED_FUNCTION = YES;
				GCC_WARN_UNUSED_VARIABLE = YES;
				IPHONEOS_DEPLOYMENT_TARGET = 15.5;
				MTL_ENABLE_DEBUG_INFO = INCLUDE_SOURCE;
				MTL_FAST_MATH = YES;
				ONLY_ACTIVE_ARCH = YES;
				SDKROOT = iphoneos;
			};
			name = Debug;
		};
		4317BE82285A4D3600C8904A /* Release */ = {
			isa = XCBuildConfiguration;
			buildSettings = {
				ALWAYS_SEARCH_USER_PATHS = NO;
				CLANG_ANALYZER_NONNULL = YES;
				CLANG_ANALYZER_NUMBER_OBJECT_CONVERSION = YES_AGGRESSIVE;
				CLANG_CXX_LANGUAGE_STANDARD = "gnu++17";
				CLANG_ENABLE_MODULES = YES;
				CLANG_ENABLE_OBJC_ARC = YES;
				CLANG_ENABLE_OBJC_WEAK = YES;
				CLANG_WARN_BLOCK_CAPTURE_AUTORELEASING = YES;
				CLANG_WARN_BOOL_CONVERSION = YES;
				CLANG_WARN_COMMA = YES;
				CLANG_WARN_CONSTANT_CONVERSION = YES;
				CLANG_WARN_DEPRECATED_OBJC_IMPLEMENTATIONS = YES;
				CLANG_WARN_DIRECT_OBJC_ISA_USAGE = YES_ERROR;
				CLANG_WARN_DOCUMENTATION_COMMENTS = YES;
				CLANG_WARN_EMPTY_BODY = YES;
				CLANG_WARN_ENUM_CONVERSION = YES;
				CLANG_WARN_INFINITE_RECURSION = YES;
				CLANG_WARN_INT_CONVERSION = YES;
				CLANG_WARN_NON_LITERAL_NULL_CONVERSION = YES;
				CLANG_WARN_OBJC_IMPLICIT_RETAIN_SELF = YES;
				CLANG_WARN_OBJC_LITERAL_CONVERSION = YES;
				CLANG_WARN_OBJC_ROOT_CLASS = YES_ERROR;
				CLANG_WARN_QUOTED_INCLUDE_IN_FRAMEWORK_HEADER = YES;
				CLANG_WARN_RANGE_LOOP_ANALYSIS = YES;
				CLANG_WARN_STRICT_PROTOTYPES = YES;
				CLANG_WARN_SUSPICIOUS_MOVE = YES;
				CLANG_WARN_UNGUARDED_AVAILABILITY = YES_AGGRESSIVE;
				CLANG_WARN_UNREACHABLE_CODE = YES;
				CLANG_WARN__DUPLICATE_METHOD_MATCH = YES;
				COPY_PHASE_STRIP = NO;
				DEBUG_INFORMATION_FORMAT = "dwarf-with-dsym";
				ENABLE_NS_ASSERTIONS = NO;
				ENABLE_STRICT_OBJC_MSGSEND = YES;
				GCC_C_LANGUAGE_STANDARD = gnu11;
				GCC_NO_COMMON_BLOCKS = YES;
				GCC_WARN_64_TO_32_BIT_CONVERSION = YES;
				GCC_WARN_ABOUT_RETURN_TYPE = YES_ERROR;
				GCC_WARN_UNDECLARED_SELECTOR = YES;
				GCC_WARN_UNINITIALIZED_AUTOS = YES_AGGRESSIVE;
				GCC_WARN_UNUSED_FUNCTION = YES;
				GCC_WARN_UNUSED_VARIABLE = YES;
				IPHONEOS_DEPLOYMENT_TARGET = 15.5;
				MTL_ENABLE_DEBUG_INFO = NO;
				MTL_FAST_MATH = YES;
				SDKROOT = iphoneos;
				VALIDATE_PRODUCT = YES;
			};
			name = Release;
		};
		4317BE84285A4D3600C8904A /* Debug */ = {
			isa = XCBuildConfiguration;
			baseConfigurationReference = 58CC09A530E1FAD19DDFC1CE /* Pods-Flixter.debug.xcconfig */;
			buildSettings = {
				ASSETCATALOG_COMPILER_APPICON_NAME = AppIcon;
				ASSETCATALOG_COMPILER_GLOBAL_ACCENT_COLOR_NAME = AccentColor;
				CODE_SIGN_STYLE = Automatic;
				CURRENT_PROJECT_VERSION = 1;
				DEVELOPMENT_TEAM = CZ5U2S73YA;
				GENERATE_INFOPLIST_FILE = YES;
				INFOPLIST_FILE = Flixter/Info.plist;
				INFOPLIST_KEY_UIApplicationSupportsIndirectInputEvents = YES;
				INFOPLIST_KEY_UILaunchStoryboardName = LaunchScreen;
				INFOPLIST_KEY_UIMainStoryboardFile = Main;
				INFOPLIST_KEY_UISupportedInterfaceOrientations_iPad = "UIInterfaceOrientationPortrait UIInterfaceOrientationPortraitUpsideDown UIInterfaceOrientationLandscapeLeft UIInterfaceOrientationLandscapeRight";
				INFOPLIST_KEY_UISupportedInterfaceOrientations_iPhone = "UIInterfaceOrientationPortrait UIInterfaceOrientationLandscapeLeft UIInterfaceOrientationLandscapeRight";
				LD_RUNPATH_SEARCH_PATHS = (
					"$(inherited)",
					"@executable_path/Frameworks",
				);
				MARKETING_VERSION = 1.0;
				PRODUCT_BUNDLE_IDENTIFIER = com.codepath.Flixter;
				PRODUCT_NAME = "$(TARGET_NAME)";
				SWIFT_EMIT_LOC_STRINGS = YES;
				TARGETED_DEVICE_FAMILY = "1,2";
			};
			name = Debug;
		};
		4317BE85285A4D3600C8904A /* Release */ = {
			isa = XCBuildConfiguration;
			baseConfigurationReference = 7E32770E51517FE0B576A32D /* Pods-Flixter.release.xcconfig */;
			buildSettings = {
				ASSETCATALOG_COMPILER_APPICON_NAME = AppIcon;
				ASSETCATALOG_COMPILER_GLOBAL_ACCENT_COLOR_NAME = AccentColor;
				CODE_SIGN_STYLE = Automatic;
				CURRENT_PROJECT_VERSION = 1;
				DEVELOPMENT_TEAM = CZ5U2S73YA;
				GENERATE_INFOPLIST_FILE = YES;
				INFOPLIST_FILE = Flixter/Info.plist;
				INFOPLIST_KEY_UIApplicationSupportsIndirectInputEvents = YES;
				INFOPLIST_KEY_UILaunchStoryboardName = LaunchScreen;
				INFOPLIST_KEY_UIMainStoryboardFile = Main;
				INFOPLIST_KEY_UISupportedInterfaceOrientations_iPad = "UIInterfaceOrientationPortrait UIInterfaceOrientationPortraitUpsideDown UIInterfaceOrientationLandscapeLeft UIInterfaceOrientationLandscapeRight";
				INFOPLIST_KEY_UISupportedInterfaceOrientations_iPhone = "UIInterfaceOrientationPortrait UIInterfaceOrientationLandscapeLeft UIInterfaceOrientationLandscapeRight";
				LD_RUNPATH_SEARCH_PATHS = (
					"$(inherited)",
					"@executable_path/Frameworks",
				);
				MARKETING_VERSION = 1.0;
				PRODUCT_BUNDLE_IDENTIFIER = com.codepath.Flixter;
				PRODUCT_NAME = "$(TARGET_NAME)";
				SWIFT_EMIT_LOC_STRINGS = YES;
				TARGETED_DEVICE_FAMILY = "1,2";
			};
			name = Release;
		};
		4317BE87285A4D3600C8904A /* Debug */ = {
			isa = XCBuildConfiguration;
			baseConfigurationReference = 4FC8AA9D2734050283D6C4E6 /* Pods-FlixterTests.debug.xcconfig */;
			buildSettings = {
				BUNDLE_LOADER = "$(TEST_HOST)";
				CODE_SIGN_STYLE = Automatic;
				CURRENT_PROJECT_VERSION = 1;
				DEVELOPMENT_TEAM = CZ5U2S73YA;
				GENERATE_INFOPLIST_FILE = YES;
				IPHONEOS_DEPLOYMENT_TARGET = 15.5;
				MARKETING_VERSION = 1.0;
				PRODUCT_BUNDLE_IDENTIFIER = com.codepath.FlixterTests;
				PRODUCT_NAME = "$(TARGET_NAME)";
				SWIFT_EMIT_LOC_STRINGS = NO;
				TARGETED_DEVICE_FAMILY = "1,2";
				TEST_HOST = "$(BUILT_PRODUCTS_DIR)/Flixter.app/Flixter";
			};
			name = Debug;
		};
		4317BE88285A4D3600C8904A /* Release */ = {
			isa = XCBuildConfiguration;
			baseConfigurationReference = B19B0DC41847505118723F7F /* Pods-FlixterTests.release.xcconfig */;
			buildSettings = {
				BUNDLE_LOADER = "$(TEST_HOST)";
				CODE_SIGN_STYLE = Automatic;
				CURRENT_PROJECT_VERSION = 1;
				DEVELOPMENT_TEAM = CZ5U2S73YA;
				GENERATE_INFOPLIST_FILE = YES;
				IPHONEOS_DEPLOYMENT_TARGET = 15.5;
				MARKETING_VERSION = 1.0;
				PRODUCT_BUNDLE_IDENTIFIER = com.codepath.FlixterTests;
				PRODUCT_NAME = "$(TARGET_NAME)";
				SWIFT_EMIT_LOC_STRINGS = NO;
				TARGETED_DEVICE_FAMILY = "1,2";
				TEST_HOST = "$(BUILT_PRODUCTS_DIR)/Flixter.app/Flixter";
			};
			name = Release;
		};
		4317BE8A285A4D3600C8904A /* Debug */ = {
			isa = XCBuildConfiguration;
			baseConfigurationReference = C70270EB8560BA67EDDB77A0 /* Pods-Flixter-FlixterUITests.debug.xcconfig */;
			buildSettings = {
				CODE_SIGN_STYLE = Automatic;
				CURRENT_PROJECT_VERSION = 1;
				DEVELOPMENT_TEAM = CZ5U2S73YA;
				GENERATE_INFOPLIST_FILE = YES;
				MARKETING_VERSION = 1.0;
				PRODUCT_BUNDLE_IDENTIFIER = com.codepath.FlixterUITests;
				PRODUCT_NAME = "$(TARGET_NAME)";
				SWIFT_EMIT_LOC_STRINGS = NO;
				TARGETED_DEVICE_FAMILY = "1,2";
				TEST_TARGET_NAME = Flixter;
			};
			name = Debug;
		};
		4317BE8B285A4D3600C8904A /* Release */ = {
			isa = XCBuildConfiguration;
			baseConfigurationReference = 06F90AE70DED504C29376FB6 /* Pods-Flixter-FlixterUITests.release.xcconfig */;
			buildSettings = {
				CODE_SIGN_STYLE = Automatic;
				CURRENT_PROJECT_VERSION = 1;
				DEVELOPMENT_TEAM = CZ5U2S73YA;
				GENERATE_INFOPLIST_FILE = YES;
				MARKETING_VERSION = 1.0;
				PRODUCT_BUNDLE_IDENTIFIER = com.codepath.FlixterUITests;
				PRODUCT_NAME = "$(TARGET_NAME)";
				SWIFT_EMIT_LOC_STRINGS = NO;
				TARGETED_DEVICE_FAMILY = "1,2";
				TEST_TARGET_NAME = Flixter;
			};
			name = Release;
		};
/* End XCBuildConfiguration section */

/* Begin XCConfigurationList section */
		4317BE4F285A4D3400C8904A /* Build configuration list for PBXProject "Flixter" */ = {
			isa = XCConfigurationList;
			buildConfigurations = (
				4317BE81285A4D3600C8904A /* Debug */,
				4317BE82285A4D3600C8904A /* Release */,
			);
			defaultConfigurationIsVisible = 0;
			defaultConfigurationName = Release;
		};
		4317BE83285A4D3600C8904A /* Build configuration list for PBXNativeTarget "Flixter" */ = {
			isa = XCConfigurationList;
			buildConfigurations = (
				4317BE84285A4D3600C8904A /* Debug */,
				4317BE85285A4D3600C8904A /* Release */,
			);
			defaultConfigurationIsVisible = 0;
			defaultConfigurationName = Release;
		};
		4317BE86285A4D3600C8904A /* Build configuration list for PBXNativeTarget "FlixterTests" */ = {
			isa = XCConfigurationList;
			buildConfigurations = (
				4317BE87285A4D3600C8904A /* Debug */,
				4317BE88285A4D3600C8904A /* Release */,
			);
			defaultConfigurationIsVisible = 0;
			defaultConfigurationName = Release;
		};
		4317BE89285A4D3600C8904A /* Build configuration list for PBXNativeTarget "FlixterUITests" */ = {
			isa = XCConfigurationList;
			buildConfigurations = (
				4317BE8A285A4D3600C8904A /* Debug */,
				4317BE8B285A4D3600C8904A /* Release */,
			);
			defaultConfigurationIsVisible = 0;
			defaultConfigurationName = Release;
		};
/* End XCConfigurationList section */
	};
	rootObject = 4317BE4C285A4D3400C8904A /* Project object */;
}
